// !$*UTF8*$!
{
	archiveVersion = 1;
	classes = {
	};
	objectVersion = 46;
	objects = {

/* Begin PBXBuildFile section */
		6F10AAB41CFE01FB009BF564 /* RCTMessageUIManager.h in CopyFiles */ = {isa = PBXBuildFile; fileRef = 6F10AAB31CFE01FB009BF564 /* RCTMessageUIManager.h */; };
		6F10AAB61CFE01FB009BF564 /* RCTMessageUIManager.m in Sources */ = {isa = PBXBuildFile; fileRef = 6F10AAB51CFE01FB009BF564 /* RCTMessageUIManager.m */; };
/* End PBXBuildFile section */

/* Begin PBXCopyFilesBuildPhase section */
		6F10AAAE1CFE01FB009BF564 /* CopyFiles */ = {
			isa = PBXCopyFilesBuildPhase;
			buildActionMask = 2147483647;
			dstPath = "include/$(PRODUCT_NAME)";
			dstSubfolderSpec = 16;
			files = (
				6F10AAB41CFE01FB009BF564 /* RCTMessageUIManager.h in CopyFiles */,
			);
			runOnlyForDeploymentPostprocessing = 0;
		};
/* End PBXCopyFilesBuildPhase section */

/* Begin PBXFileReference section */
		6F10AAB01CFE01FB009BF564 /* libRCTMessageUI.a */ = {isa = PBXFileReference; explicitFileType = archive.ar; includeInIndex = 0; path = libRCTMessageUI.a; sourceTree = BUILT_PRODUCTS_DIR; };
		6F10AAB31CFE01FB009BF564 /* RCTMessageUIManager.h */ = {isa = PBXFileReference; lastKnownFileType = sourcecode.c.h; path = RCTMessageUIManager.h; sourceTree = "<group>"; };
		6F10AAB51CFE01FB009BF564 /* RCTMessageUIManager.m */ = {isa = PBXFileReference; lastKnownFileType = sourcecode.c.objc; path = RCTMessageUIManager.m; sourceTree = "<group>"; };
/* End PBXFileReference section */

/* Begin PBXFrameworksBuildPhase section */
		6F10AAAD1CFE01FB009BF564 /* Frameworks */ = {
			isa = PBXFrameworksBuildPhase;
			buildActionMask = 2147483647;
			files = (
			);
			runOnlyForDeploymentPostprocessing = 0;
		};
/* End PBXFrameworksBuildPhase section */

/* Begin PBXGroup section */
		6F10AAA71CFE01FB009BF564 = {
			isa = PBXGroup;
			children = (
				6F10AAB21CFE01FB009BF564 /* RCTMessageUI */,
				6F10AAB11CFE01FB009BF564 /* Products */,
			);
			sourceTree = "<group>";
		};
		6F10AAB11CFE01FB009BF564 /* Products */ = {
			isa = PBXGroup;
			children = (
				6F10AAB01CFE01FB009BF564 /* libRCTMessageUI.a */,
			);
			name = Products;
			sourceTree = "<group>";
		};
		6F10AAB21CFE01FB009BF564 /* RCTMessageUI */ = {
			isa = PBXGroup;
			children = (
				6F10AAB31CFE01FB009BF564 /* RCTMessageUIManager.h */,
				6F10AAB51CFE01FB009BF564 /* RCTMessageUIManager.m */,
			);
			path = RCTMessageUI;
			sourceTree = "<group>";
		};
/* End PBXGroup section */

/* Begin PBXNativeTarget section */
		6F10AAAF1CFE01FB009BF564 /* RCTMessageUI */ = {
			isa = PBXNativeTarget;
			buildConfigurationList = 6F10AAB91CFE01FB009BF564 /* Build configuration list for PBXNativeTarget "RCTMessageUI" */;
			buildPhases = (
				6F10AAAC1CFE01FB009BF564 /* Sources */,
				6F10AAAD1CFE01FB009BF564 /* Frameworks */,
				6F10AAAE1CFE01FB009BF564 /* CopyFiles */,
			);
			buildRules = (
			);
			dependencies = (
			);
			name = RCTMessageUI;
			productName = RCTMessageUI;
			productReference = 6F10AAB01CFE01FB009BF564 /* libRCTMessageUI.a */;
			productType = "com.apple.product-type.library.static";
		};
/* End PBXNativeTarget section */

/* Begin PBXProject section */
		6F10AAA81CFE01FB009BF564 /* Project object */ = {
			isa = PBXProject;
			attributes = {
				LastUpgradeCheck = 0730;
				ORGANIZATIONNAME = dorindanciu.com;
				TargetAttributes = {
					6F10AAAF1CFE01FB009BF564 = {
						CreatedOnToolsVersion = 7.3.1;
					};
				};
			};
			buildConfigurationList = 6F10AAAB1CFE01FB009BF564 /* Build configuration list for PBXProject "RCTMessageUI" */;
			compatibilityVersion = "Xcode 3.2";
			developmentRegion = English;
			hasScannedForEncodings = 0;
			knownRegions = (
				en,
			);
			mainGroup = 6F10AAA71CFE01FB009BF564;
			productRefGroup = 6F10AAB11CFE01FB009BF564 /* Products */;
			projectDirPath = "";
			projectRoot = "";
			targets = (
				6F10AAAF1CFE01FB009BF564 /* RCTMessageUI */,
			);
		};
/* End PBXProject section */

/* Begin PBXSourcesBuildPhase section */
		6F10AAAC1CFE01FB009BF564 /* Sources */ = {
			isa = PBXSourcesBuildPhase;
			buildActionMask = 2147483647;
			files = (
				6F10AAB61CFE01FB009BF564 /* RCTMessageUIManager.m in Sources */,
			);
			runOnlyForDeploymentPostprocessing = 0;
		};
/* End PBXSourcesBuildPhase section */

/* Begin XCBuildConfiguration section */
		6F10AAB71CFE01FB009BF564 /* Debug */ = {
			isa = XCBuildConfiguration;
			buildSettings = {
				ALWAYS_SEARCH_USER_PATHS = NO;
				CLANG_ANALYZER_NONNULL = YES;
				CLANG_CXX_LANGUAGE_STANDARD = "gnu++0x";
				CLANG_CXX_LIBRARY = "libc++";
				CLANG_ENABLE_MODULES = YES;
				CLANG_ENABLE_OBJC_ARC = YES;
				CLANG_WARN_BOOL_CONVERSION = YES;
				CLANG_WARN_CONSTANT_CONVERSION = YES;
				CLANG_WARN_DIRECT_OBJC_ISA_USAGE = YES_ERROR;
				CLANG_WARN_EMPTY_BODY = YES;
				CLANG_WARN_ENUM_CONVERSION = YES;
				CLANG_WARN_INT_CONVERSION = YES;
				CLANG_WARN_OBJC_ROOT_CLASS = YES_ERROR;
				CLANG_WARN_UNREACHABLE_CODE = YES;
				CLANG_WARN__DUPLICATE_METHOD_MATCH = YES;
				"CODE_SIGN_IDENTITY[sdk=iphoneos*]" = "iPhone Developer";
				COPY_PHASE_STRIP = NO;
				DEBUG_INFORMATION_FORMAT = dwarf;
				ENABLE_STRICT_OBJC_MSGSEND = YES;
				ENABLE_TESTABILITY = YES;
				GCC_C_LANGUAGE_STANDARD = gnu99;
				GCC_DYNAMIC_NO_PIC = NO;
				GCC_NO_COMMON_BLOCKS = YES;
				GCC_OPTIMIZATION_LEVEL = 0;
				GCC_PREPROCESSOR_DEFINITIONS = (
					"DEBUG=1",
					"$(inherited)",
				);
				GCC_WARN_64_TO_32_BIT_CONVERSION = YES;
				GCC_WARN_ABOUT_RETURN_TYPE = YES_ERROR;
				GCC_WARN_UNDECLARED_SELECTOR = YES;
				GCC_WARN_UNINITIALIZED_AUTOS = YES_AGGRESSIVE;
				GCC_WARN_UNUSED_FUNCTION = YES;
				GCC_WARN_UNUSED_VARIABLE = YES;
				IPHONEOS_DEPLOYMENT_TARGET = 9.3;
				MTL_ENABLE_DEBUG_INFO = YES;
				ONLY_ACTIVE_ARCH = YES;
				SDKROOT = iphoneos;
			};
			name = Debug;
		};
		6F10AAB81CFE01FB009BF564 /* Release */ = {
			isa = XCBuildConfiguration;
			buildSettings = {
				ALWAYS_SEARCH_USER_PATHS = NO;
				CLANG_ANALYZER_NONNULL = YES;
				CLANG_CXX_LANGUAGE_STANDARD = "gnu++0x";
				CLANG_CXX_LIBRARY = "libc++";
				CLANG_ENABLE_MODULES = YES;
				CLANG_ENABLE_OBJC_ARC = YES;
				CLANG_WARN_BOOL_CONVERSION = YES;
				CLANG_WARN_CONSTANT_CONVERSION = YES;
				CLANG_WARN_DIRECT_OBJC_ISA_USAGE = YES_ERROR;
				CLANG_WARN_EMPTY_BODY = YES;
				CLANG_WARN_ENUM_CONVERSION = YES;
				CLANG_WARN_INT_CONVERSION = YES;
				CLANG_WARN_OBJC_ROOT_CLASS = YES_ERROR;
				CLANG_WARN_UNREACHABLE_CODE = YES;
				CLANG_WARN__DUPLICATE_METHOD_MATCH = YES;
				"CODE_SIGN_IDENTITY[sdk=iphoneos*]" = "iPhone Developer";
				COPY_PHASE_STRIP = NO;
				DEBUG_INFORMATION_FORMAT = "dwarf-with-dsym";
				ENABLE_NS_ASSERTIONS = NO;
				ENABLE_STRICT_OBJC_MSGSEND = YES;
				GCC_C_LANGUAGE_STANDARD = gnu99;
				GCC_NO_COMMON_BLOCKS = YES;
				GCC_WARN_64_TO_32_BIT_CONVERSION = YES;
				GCC_WARN_ABOUT_RETURN_TYPE = YES_ERROR;
				GCC_WARN_UNDECLARED_SELECTOR = YES;
				GCC_WARN_UNINITIALIZED_AUTOS = YES_AGGRESSIVE;
				GCC_WARN_UNUSED_FUNCTION = YES;
				GCC_WARN_UNUSED_VARIABLE = YES;
				IPHONEOS_DEPLOYMENT_TARGET = 9.3;
				MTL_ENABLE_DEBUG_INFO = NO;
				SDKROOT = iphoneos;
				VALIDATE_PRODUCT = YES;
			};
			name = Release;
		};
		6F10AABA1CFE01FB009BF564 /* Debug */ = {
			isa = XCBuildConfiguration;
			buildSettings = {
				HEADER_SEARCH_PATHS = (
					"$(SRCROOT)/../React/**",
					"$(SRCROOT)/../react-native/React/**",
				);
				OTHER_LDFLAGS = "-ObjC";
				PRODUCT_NAME = "$(TARGET_NAME)";
				SKIP_INSTALL = YES;
			};
			name = Debug;
		};
		6F10AABB1CFE01FB009BF564 /* Release */ = {
			isa = XCBuildConfiguration;
			buildSettings = {
				HEADER_SEARCH_PATHS = (
					"$(SRCROOT)/../React/**",
					"$(SRCROOT)/../react-native/React/**",
				);
				OTHER_LDFLAGS = "-ObjC";
				PRODUCT_NAME = "$(TARGET_NAME)";
				SKIP_INSTALL = YES;
			};
			name = Release;
		};
/* End XCBuildConfiguration section */

/* Begin XCConfigurationList section */
		6F10AAAB1CFE01FB009BF564 /* Build configuration list for PBXProject "RCTMessageUI" */ = {
			isa = XCConfigurationList;
			buildConfigurations = (
				6F10AAB71CFE01FB009BF564 /* Debug */,
				6F10AAB81CFE01FB009BF564 /* Release */,
			);
			defaultConfigurationIsVisible = 0;
			defaultConfigurationName = Release;
		};
		6F10AAB91CFE01FB009BF564 /* Build configuration list for PBXNativeTarget "RCTMessageUI" */ = {
			isa = XCConfigurationList;
			buildConfigurations = (
				6F10AABA1CFE01FB009BF564 /* Debug */,
				6F10AABB1CFE01FB009BF564 /* Release */,
			);
			defaultConfigurationIsVisible = 0;
			defaultConfigurationName = Release;
		};
/* End XCConfigurationList section */
	};
	rootObject = 6F10AAA81CFE01FB009BF564 /* Project object */;
}
